{
  "name": "Coding_Dojo",
  "lockfileVersion": 2,
  "requires": true,
  "packages": {
    "": {
      "devDependencies": {
        "chai": "npm:undefined@*",
        "mocha": "npm:undefined@*"
      }
    },
    "node_modules/chai": {
      "dev": true
    },
    "node_modules/mocha": {
      "dev": true
    }
  },
  "dependencies": {
    "chai": {
      "dev": true
    },
    "mocha": {
      "dev": true
    }
  }
}
